PODS:
  - Action (3.0.0):
    - RxCocoa (~> 3.4.0)
    - RxSwift (~> 3.4.0)
  - Alamofire (4.7.3)
  - BonMot (4.3.1)
  - Boomerang (0.9.3):
    - Action (~> 3.0)
    - RxSwift (~> 3)
  - Crashlytics (3.10.5):
    - Fabric (~> 1.7.9)
  - DeviceKit (1.7.0)
  - Fabric (1.7.9)
  - Firebase/Core (5.4.1):
    - Firebase/CoreOnly
    - FirebaseAnalytics (= 5.0.1)
  - Firebase/CoreOnly (5.4.1):
    - FirebaseCore (= 5.0.6)
  - FirebaseAnalytics (5.0.1):
    - FirebaseCore (~> 5.0)
    - FirebaseInstanceID (~> 3.0)
    - "GoogleToolboxForMac/NSData+zlib (~> 2.1)"
    - nanopb (~> 0.3)
  - FirebaseCore (5.0.6):
    - "GoogleToolboxForMac/NSData+zlib (~> 2.1)"
  - FirebaseInstanceID (3.1.1):
    - FirebaseCore (~> 5.0)
  - Gifu (3.1.0)
  - Gloss (1.2.4)
  - GoogleMaps (2.7.0):
    - GoogleMaps/Maps (= 2.7.0)
  - GoogleMaps/Base (2.7.0)
  - GoogleMaps/Maps (2.7.0):
    - GoogleMaps/Base
  - GoogleToolboxForMac/Defines (2.1.4)
  - "GoogleToolboxForMac/NSData+zlib (2.1.4)":
    - GoogleToolboxForMac/Defines (= 2.1.4)
  - KeychainSwift (11.0.0)
  - Localize-Swift (2.0.0)
  - Moya (8.0.5):
    - Moya/Core (= 8.0.5)
  - Moya-Gloss/Core (2.0.3):
    - Gloss (~> 1.2)
    - Moya (~> 8.0)
  - Moya-Gloss/RxSwift (2.0.3):
    - Moya-Gloss/Core
    - Moya/RxSwift
    - RxSwift (~> 3.4)
  - Moya/Core (8.0.5):
    - Alamofire (~> 4.1)
    - Result (~> 3.0)
  - Moya/RxSwift (8.0.5):
    - Moya/Core
    - RxSwift (~> 3.0)
  - nanopb (0.3.8):
    - nanopb/decode (= 0.3.8)
    - nanopb/encode (= 0.3.8)
  - nanopb/decode (0.3.8)
  - nanopb/encode (0.3.8)
  - OneSignal (2.8.5)
  - pop (1.0.9)
  - ReachabilitySwift (3)
  - Result (3.2.4)
  - RxCocoa (3.4.1):
    - RxSwift (~> 3.4)
  - RxGesture (1.0.1):
    - RxCocoa (~> 3.4)
    - RxSwift (~> 3.4)
  - RxSwift (3.4.1)
  - SideMenu (2.3.2)
  - SnapKit (3.0.2)
  - SpinKit (1.2.0)
  - TPKeyboardAvoiding (1.3.2)

DEPENDENCIES:
  - Action (from `https://github.com/RxSwiftCommunity/Action.git`, tag `3.0.0`)
  - BonMot (from `https://github.com/Raizlabs/BonMot.git`, tag `4.3.1`)
  - Boomerang (from `https://github.com/synesthesia-it/Boomerang.git`, branch `v1`)
  - Crashlytics (~> 3.10.5)
  - DeviceKit
  - Fabric (~> 1.7.9)
  - Firebase/Core
  - Gifu
  - Gloss
  - GoogleMaps
  - KeychainSwift
  - Localize-Swift
  - Moya-Gloss/RxSwift
  - Moya/RxSwift
  - OneSignal (< 3.0, >= 2.6.2)
  - pop (from `https://github.com/facebook/pop.git`, tag `1.0.9`)
  - ReachabilitySwift (~> 3)
  - RxGesture
  - RxSwift
  - SideMenu (from `https://github.com/jonkykong/SideMenu.git`, branch `2.3.2`)
  - SnapKit (~> 3.0.2)
  - SpinKit
  - TPKeyboardAvoiding

SPEC REPOS:
  https://github.com/cocoapods/specs.git:
    - Alamofire
    - Crashlytics
    - DeviceKit
    - Fabric
    - Firebase
    - FirebaseAnalytics
    - FirebaseCore
    - FirebaseInstanceID
    - Gifu
    - Gloss
    - GoogleMaps
    - GoogleToolboxForMac
    - KeychainSwift
    - Localize-Swift
    - Moya
    - Moya-Gloss
    - nanopb
    - OneSignal
    - ReachabilitySwift
    - Result
    - RxCocoa
    - RxGesture
    - RxSwift
    - SnapKit
    - SpinKit
    - TPKeyboardAvoiding

EXTERNAL SOURCES:
  Action:
    :git: https://github.com/RxSwiftCommunity/Action.git
    :tag: 3.0.0
  BonMot:
    :git: https://github.com/Raizlabs/BonMot.git
    :tag: 4.3.1
  Boomerang:
    :branch: v1
    :git: https://github.com/synesthesia-it/Boomerang.git
  pop:
    :git: https://github.com/facebook/pop.git
    :tag: 1.0.9
  SideMenu:
    :branch: 2.3.2
    :git: https://github.com/jonkykong/SideMenu.git

CHECKOUT OPTIONS:
  Action:
    :git: https://github.com/RxSwiftCommunity/Action.git
    :tag: 3.0.0
  BonMot:
    :git: https://github.com/Raizlabs/BonMot.git
    :tag: 4.3.1
  Boomerang:
    :commit: bb609f61cb9f72d7fe810204b9adc8cf5e313efa
    :git: https://github.com/synesthesia-it/Boomerang.git
  pop:
    :git: https://github.com/facebook/pop.git
    :tag: 1.0.9
  SideMenu:
    :commit: 7bf166818484d29e6247295f48fd52b89ca4d96e
    :git: https://github.com/jonkykong/SideMenu.git

SPEC CHECKSUMS:
  Action: fed388b9160ad787a58cb34b5064db6dbaae7e45
  Alamofire: c7287b6e5d7da964a70935e5db17046b7fde6568
  BonMot: 8e958faa27676990d26d5b83bc853d4a2651f3ea
  Boomerang: eaa3faf38fea21672cc65df2c900dd4d474b4df0
  Crashlytics: 7f2e38d302d9da96475b3d64d86fb29e31a542b7
  DeviceKit: 6a5bdeb103c03757bb94aef1ccb01e08bc8ef4ee
  Fabric: a2917d3895e4c1569b9c3170de7320ea1b1e6661
  Firebase: 355bd535bfdacaa82a7fe8d9784115edefd6fc03
  FirebaseAnalytics: b3628aea54c50464c32c393fb2ea032566e7ecc2
  FirebaseCore: 4c28e3b9708ba48a765e76515f913a71596eb5dd
  FirebaseInstanceID: f3f0657372592ecdfdfe2cac604a5a75758376a6
  Gifu: fd1e9e3a15ac5d90bae0a510e4ed9f94b485ab03
  Gloss: 4e036074610fdb993abcb958ebcd7332588e2333
  GoogleMaps: f79af95cb24d869457b1f961c93d3ce8b2f3b848
  GoogleToolboxForMac: 91c824d21e85b31c2aae9bb011c5027c9b4e738f
  KeychainSwift: bea6bd9f98af7b8d7ca4aa79fe105c00fab532db
  Localize-Swift: c798ec9286494866f7068f85f7c71283ac5bdab4
  Moya: c37eec09a098ba9991b5a963b291fc5704bdb9ef
  Moya-Gloss: d8e9adc9b055b2c4e495514b9755e57ee7aa320b
  nanopb: 5601e6bca2dbf1ed831b519092ec110f66982ca3
  OneSignal: 42dae269c7eca517aee34963820e1eb922390031
  pop: f667631a5108a2e60d9e8797c9b32ddaf2080bce
  ReachabilitySwift: f5b9bb30a0777fac8f09ce8b067e32faeb29bb64
  Result: d2d07204ce72856f1fd9130bbe42c35a7b0fea10
  RxCocoa: a8a5f1d061d0043e28f56976829f31ce63e8eb09
  RxGesture: 1f770b247c69e8133fb8f4ef263571efd0ae91a1
  RxSwift: 656f8fbeca5bc372121a72d9ebdd3cd3bc0ffade
  SideMenu: 44f4546fd863b912fde2f737ee3f041430601705
  SnapKit: 2e456761aa92d4d4067a7a5594c18769d451a8ad
  SpinKit: 65906a8b534a4e14cbfd3f8b0b6c329131faef4a
  TPKeyboardAvoiding: cb69d5ddbe90ce0170e4bc2db1e5e41d4a3ad9a4

PODFILE CHECKSUM: 6980a69943c1fa40c43ffafe2ee7a72daf5fc8e4

COCOAPODS: 1.5.3
