// !$*UTF8*$!
{
	archiveVersion = 1;
	classes = {
	};
	objectVersion = 46;
	objects = {

/* Begin PBXBuildFile section */
		03653E1F1EEA76C200AC7A93 /* CarBookingCompletedViewController.swift in Sources */ = {isa = PBXBuildFile; fileRef = 03653E1E1EEA76C200AC7A93 /* CarBookingCompletedViewController.swift */; };
		03653E211EEA76D300AC7A93 /* CarBookingCompletedViewModel.swift in Sources */ = {isa = PBXBuildFile; fileRef = 03653E201EEA76D300AC7A93 /* CarBookingCompletedViewModel.swift */; };
		03653E231EEADA4800AC7A93 /* NotificationsController.swift in Sources */ = {isa = PBXBuildFile; fileRef = 03653E221EEADA4800AC7A93 /* NotificationsController.swift */; };
		4D0EFF651EDA124900B1A8EE /* UIButton+Theme.swift in Sources */ = {isa = PBXBuildFile; fileRef = 4D0EFF641EDA124900B1A8EE /* UIButton+Theme.swift */; };
		4D1AE8181ED1BA2200C8A1D3 /* SearchBarViewModel.swift in Sources */ = {isa = PBXBuildFile; fileRef = 4D1AE8171ED1BA2200C8A1D3 /* SearchBarViewModel.swift */; };
		4D1AE8201ED1E1A800C8A1D3 /* Localizable.strings in Resources */ = {isa = PBXBuildFile; fileRef = 4D1AE81E1ED1E1A800C8A1D3 /* Localizable.strings */; };
		4D1AE8221ED1E26800C8A1D3 /* Text+Theme.swift in Sources */ = {isa = PBXBuildFile; fileRef = 4D1AE8211ED1E26800C8A1D3 /* Text+Theme.swift */; };
		4D1AE8241ED1E37700C8A1D3 /* Font+Theme.swift in Sources */ = {isa = PBXBuildFile; fileRef = 4D1AE8231ED1E37700C8A1D3 /* Font+Theme.swift */; };
		4D1AE82A1ED1E40E00C8A1D3 /* Poppins-Bold.ttf in Resources */ = {isa = PBXBuildFile; fileRef = 4D1AE8251ED1E40E00C8A1D3 /* Poppins-Bold.ttf */; };
		4D1AE82B1ED1E40E00C8A1D3 /* Poppins-Light.ttf in Resources */ = {isa = PBXBuildFile; fileRef = 4D1AE8261ED1E40E00C8A1D3 /* Poppins-Light.ttf */; };
		4D1AE82C1ED1E40E00C8A1D3 /* Poppins-Medium.ttf in Resources */ = {isa = PBXBuildFile; fileRef = 4D1AE8271ED1E40E00C8A1D3 /* Poppins-Medium.ttf */; };
		4D1AE82D1ED1E40E00C8A1D3 /* Poppins-Regular.ttf in Resources */ = {isa = PBXBuildFile; fileRef = 4D1AE8281ED1E40E00C8A1D3 /* Poppins-Regular.ttf */; };
		4D1AE82E1ED1E40E00C8A1D3 /* Poppins-SemiBold.ttf in Resources */ = {isa = PBXBuildFile; fileRef = 4D1AE8291ED1E40E00C8A1D3 /* Poppins-SemiBold.ttf */; };
		4D2339951EE6CCE300780384 /* IntroViewController.swift in Sources */ = {isa = PBXBuildFile; fileRef = 4D2339941EE6CCE300780384 /* IntroViewController.swift */; };
		4D2339981EE6CDFC00780384 /* IntroViewModel.swift in Sources */ = {isa = PBXBuildFile; fileRef = 4D2339971EE6CDFC00780384 /* IntroViewModel.swift */; };
		4D23399B1EE6CF4B00780384 /* INTRO BREVE.gif in Resources */ = {isa = PBXBuildFile; fileRef = 4D23399A1EE6CF4B00780384 /* INTRO BREVE.gif */; };
		4D2339A01EE72F3500780384 /* INTRO LUNGA FINE.gif in Resources */ = {isa = PBXBuildFile; fileRef = 4D23399E1EE72F3500780384 /* INTRO LUNGA FINE.gif */; };
		4D2339A11EE72F3500780384 /* INTRO LUNGA INIZIO.gif in Resources */ = {isa = PBXBuildFile; fileRef = 4D23399F1EE72F3500780384 /* INTRO LUNGA INIZIO.gif */; };
		4D2628F21ED57CCD001C4E38 /* client.p12 in Resources */ = {isa = PBXBuildFile; fileRef = 4D2628F11ED57CCD001C4E38 /* client.p12 */; };
		4D2628F41ED57D7B001C4E38 /* PKCS12.swift in Sources */ = {isa = PBXBuildFile; fileRef = 4D2628F31ED57D7B001C4E38 /* PKCS12.swift */; };
		4D36D7BE1ED2EF86005FAEB8 /* LocationController.swift in Sources */ = {isa = PBXBuildFile; fileRef = 4D36D7BD1ED2EF86005FAEB8 /* LocationController.swift */; };
		4D36D7C11ED2F279005FAEB8 /* InfoPlist.strings in Resources */ = {isa = PBXBuildFile; fileRef = 4D36D7BF1ED2F279005FAEB8 /* InfoPlist.strings */; };
		4D36D7C31ED2F35C005FAEB8 /* NotificationCenter+Extensions.swift in Sources */ = {isa = PBXBuildFile; fileRef = 4D36D7C21ED2F35C005FAEB8 /* NotificationCenter+Extensions.swift */; };
		4D36D7C51ED2F604005FAEB8 /* MKMapKit+Extensions.swift in Sources */ = {isa = PBXBuildFile; fileRef = 4D36D7C41ED2F604005FAEB8 /* MKMapKit+Extensions.swift */; };
		4D377AB61ECEDAB0005DF900 /* CircularMenuView.swift in Sources */ = {isa = PBXBuildFile; fileRef = 4D377AB51ECEDAB0005DF900 /* CircularMenuView.swift */; };
		4D377AB81ECEDB6F005DF900 /* CircularMenuView.xib in Resources */ = {isa = PBXBuildFile; fileRef = 4D377AB71ECEDB6F005DF900 /* CircularMenuView.xib */; };
		4D377ABA1ECEE01A005DF900 /* View+Theme.swift in Sources */ = {isa = PBXBuildFile; fileRef = 4D377AB91ECEE01A005DF900 /* View+Theme.swift */; };
		4D377ABC1ECEE442005DF900 /* Color+Theme.swift in Sources */ = {isa = PBXBuildFile; fileRef = 4D377ABB1ECEE442005DF900 /* Color+Theme.swift */; };
		4D3BF1251ED76EAF00E595E7 /* UIView+Extensions.swift in Sources */ = {isa = PBXBuildFile; fileRef = 4D3BF1241ED76EAF00E595E7 /* UIView+Extensions.swift */; };
		4D45BB291EE69895004C7287 /* CarBookingPopupView.swift in Sources */ = {isa = PBXBuildFile; fileRef = 4D45BB281EE69895004C7287 /* CarBookingPopupView.swift */; };
		4D45BB2B1EE698A9004C7287 /* CarBookingPopupViewModel.swift in Sources */ = {isa = PBXBuildFile; fileRef = 4D45BB2A1EE698A9004C7287 /* CarBookingPopupViewModel.swift */; };
		4D45BB2D1EE698C2004C7287 /* CarBookingPopupView.xib in Resources */ = {isa = PBXBuildFile; fileRef = 4D45BB2C1EE698C2004C7287 /* CarBookingPopupView.xib */; };
		4D45BB301EE69F49004C7287 /* CarBooking.swift in Sources */ = {isa = PBXBuildFile; fileRef = 4D45BB2F1EE69F49004C7287 /* CarBooking.swift */; };
		4D6ACACB1ECF2FC000D58948 /* CircularMenuViewModel.swift in Sources */ = {isa = PBXBuildFile; fileRef = 4D6ACACA1ECF2FC000D58948 /* CircularMenuViewModel.swift */; };
		4D6ACACD1ECF333700D58948 /* NavigationBarView.xib in Resources */ = {isa = PBXBuildFile; fileRef = 4D6ACACC1ECF333700D58948 /* NavigationBarView.xib */; };
		4D6ACACF1ECF33CE00D58948 /* NavigationBarView.swift in Sources */ = {isa = PBXBuildFile; fileRef = 4D6ACACE1ECF33CE00D58948 /* NavigationBarView.swift */; };
		4D6ACAD11ECF33F700D58948 /* NavigationBarViewModel.swift in Sources */ = {isa = PBXBuildFile; fileRef = 4D6ACAD01ECF33F700D58948 /* NavigationBarViewModel.swift */; };
		4D72B3491ED964CD002C2375 /* CarPopupView.swift in Sources */ = {isa = PBXBuildFile; fileRef = 4D72B3481ED964CD002C2375 /* CarPopupView.swift */; };
		4D72B34B1ED96533002C2375 /* CarPopupViewModel.swift in Sources */ = {isa = PBXBuildFile; fileRef = 4D72B34A1ED96533002C2375 /* CarPopupViewModel.swift */; };
		4D72B34E1ED96736002C2375 /* CarPopupView.xib in Resources */ = {isa = PBXBuildFile; fileRef = 4D72B34D1ED96736002C2375 /* CarPopupView.xib */; };
		4D93514F1EE0346B008C65C3 /* SearchBarView.swift in Sources */ = {isa = PBXBuildFile; fileRef = 4D93514E1EE0346B008C65C3 /* SearchBarView.swift */; };
		4D9351511EE03497008C65C3 /* SearchBarView.xib in Resources */ = {isa = PBXBuildFile; fileRef = 4D9351501EE03497008C65C3 /* SearchBarView.xib */; };
		4D9400D51EDF441700AD0EC6 /* NominatimAPIController.swift in Sources */ = {isa = PBXBuildFile; fileRef = 4D9400D41EDF441700AD0EC6 /* NominatimAPIController.swift */; };
		4D9400D71EDF4BFE00AD0EC6 /* Address.swift in Sources */ = {isa = PBXBuildFile; fileRef = 4D9400D61EDF4BFE00AD0EC6 /* Address.swift */; };
		4D965B6E1EEAF3780006294E /* CarTrip.swift in Sources */ = {isa = PBXBuildFile; fileRef = 4D965B6D1EEAF3780006294E /* CarTrip.swift */; };
		4DA178671ED63C4D00EBD32B /* UIColor.swift in Sources */ = {isa = PBXBuildFile; fileRef = 4DA178641ED63C4D00EBD32B /* UIColor.swift */; };
		4DA178681ED63C4D00EBD32B /* UIImage.swift in Sources */ = {isa = PBXBuildFile; fileRef = 4DA178651ED63C4D00EBD32B /* UIImage.swift */; };
		4DA178691ED63C4D00EBD32B /* ZAlertView.swift in Sources */ = {isa = PBXBuildFile; fileRef = 4DA178661ED63C4D00EBD32B /* ZAlertView.swift */; };
		4DA554451EE55284001627E7 /* FBAnnotation.swift in Sources */ = {isa = PBXBuildFile; fileRef = 4DA5543A1EE55284001627E7 /* FBAnnotation.swift */; };
		4DA554461EE55284001627E7 /* FBAnnotationCluster.swift in Sources */ = {isa = PBXBuildFile; fileRef = 4DA5543B1EE55284001627E7 /* FBAnnotationCluster.swift */; };
		4DA554471EE55284001627E7 /* FBAnnotationClusterTemplate.swift in Sources */ = {isa = PBXBuildFile; fileRef = 4DA5543C1EE55284001627E7 /* FBAnnotationClusterTemplate.swift */; };
		4DA554481EE55284001627E7 /* FBAnnotationClusterView.swift in Sources */ = {isa = PBXBuildFile; fileRef = 4DA5543D1EE55284001627E7 /* FBAnnotationClusterView.swift */; };
		4DA554491EE55284001627E7 /* FBAnnotationClusterViewConfiguration.swift in Sources */ = {isa = PBXBuildFile; fileRef = 4DA5543E1EE55284001627E7 /* FBAnnotationClusterViewConfiguration.swift */; };
		4DA5544A1EE55284001627E7 /* FBBoundingBox+MapKit.swift in Sources */ = {isa = PBXBuildFile; fileRef = 4DA5543F1EE55284001627E7 /* FBBoundingBox+MapKit.swift */; };
		4DA5544B1EE55284001627E7 /* FBBoundingBox.swift in Sources */ = {isa = PBXBuildFile; fileRef = 4DA554401EE55284001627E7 /* FBBoundingBox.swift */; };
		4DA5544C1EE55284001627E7 /* FBClusteringManager.swift in Sources */ = {isa = PBXBuildFile; fileRef = 4DA554411EE55284001627E7 /* FBClusteringManager.swift */; };
		4DA5544D1EE55284001627E7 /* FBQuadTree.swift in Sources */ = {isa = PBXBuildFile; fileRef = 4DA554421EE55284001627E7 /* FBQuadTree.swift */; };
		4DA5544E1EE55284001627E7 /* FBQuadTreeNode.swift in Sources */ = {isa = PBXBuildFile; fileRef = 4DA554431EE55284001627E7 /* FBQuadTreeNode.swift */; };
		4DA5544F1EE55284001627E7 /* FBZoomLevel.swift in Sources */ = {isa = PBXBuildFile; fileRef = 4DA554441EE55284001627E7 /* FBZoomLevel.swift */; };
		4DA554511EE56337001627E7 /* CityAnnotation.swift in Sources */ = {isa = PBXBuildFile; fileRef = 4DA554501EE56337001627E7 /* CityAnnotation.swift */; };
		4DC10DFF1EE9AA3300A74E26 /* LoadingViewController.swift in Sources */ = {isa = PBXBuildFile; fileRef = 4DC10DFE1EE9AA3300A74E26 /* LoadingViewController.swift */; };
		4DC10E021EE9D6F000A74E26 /* CoreController.swift in Sources */ = {isa = PBXBuildFile; fileRef = 4DC10E011EE9D6F000A74E26 /* CoreController.swift */; };
		4DC59F991EDADC6200DD658A /* Response.swift in Sources */ = {isa = PBXBuildFile; fileRef = 4DC59F981EDADC6200DD658A /* Response.swift */; };
		4DCC70A11ED3106200906DA0 /* APIController.swift in Sources */ = {isa = PBXBuildFile; fileRef = 4DCC70A01ED3106200906DA0 /* APIController.swift */; };
		4DCD1A5D1ECDBF7400FC8BF5 /* AppDelegate.swift in Sources */ = {isa = PBXBuildFile; fileRef = 4DCD1A5C1ECDBF7400FC8BF5 /* AppDelegate.swift */; };
		4DCD1A841ECDC16400FC8BF5 /* Operators.swift in Sources */ = {isa = PBXBuildFile; fileRef = 4DCD1A811ECDC16400FC8BF5 /* Operators.swift */; };
		4DCD1A851ECDC16400FC8BF5 /* SeparatorLayout.swift in Sources */ = {isa = PBXBuildFile; fileRef = 4DCD1A821ECDC16400FC8BF5 /* SeparatorLayout.swift */; };
		4DCD1A861ECDC16400FC8BF5 /* Utilities.swift in Sources */ = {isa = PBXBuildFile; fileRef = 4DCD1A831ECDC16400FC8BF5 /* Utilities.swift */; };
		4DCD1A891ECDC17100FC8BF5 /* ViewFactory.swift in Sources */ = {isa = PBXBuildFile; fileRef = 4DCD1A871ECDC17100FC8BF5 /* ViewFactory.swift */; };
		4DCD1A8A1ECDC17100FC8BF5 /* ViewModelFactory.swift in Sources */ = {isa = PBXBuildFile; fileRef = 4DCD1A881ECDC17100FC8BF5 /* ViewModelFactory.swift */; };
		4DCD1A8C1ECDC17A00FC8BF5 /* Car.swift in Sources */ = {isa = PBXBuildFile; fileRef = 4DCD1A8B1ECDC17A00FC8BF5 /* Car.swift */; };
		4DCD1A901ECDC18500FC8BF5 /* Router.swift in Sources */ = {isa = PBXBuildFile; fileRef = 4DCD1A8D1ECDC18500FC8BF5 /* Router.swift */; };
		4DCD1A911ECDC18500FC8BF5 /* Router+Preview.swift in Sources */ = {isa = PBXBuildFile; fileRef = 4DCD1A8E1ECDC18500FC8BF5 /* Router+Preview.swift */; };
		4DCD1A921ECDC18500FC8BF5 /* Router+Safari.swift in Sources */ = {isa = PBXBuildFile; fileRef = 4DCD1A8F1ECDC18500FC8BF5 /* Router+Safari.swift */; };
		4DCD1A941ECDC1EC00FC8BF5 /* ViewControllerCommons.swift in Sources */ = {isa = PBXBuildFile; fileRef = 4DCD1A931ECDC1EC00FC8BF5 /* ViewControllerCommons.swift */; };
		4DCD1AA31ECDC22900FC8BF5 /* Assets.xcassets in Resources */ = {isa = PBXBuildFile; fileRef = 4DCD1A991ECDC22900FC8BF5 /* Assets.xcassets */; };
		4DCD1AA51ECDC22900FC8BF5 /* LaunchScreen.storyboard in Resources */ = {isa = PBXBuildFile; fileRef = 4DCD1AA01ECDC22900FC8BF5 /* LaunchScreen.storyboard */; };
		4DCD1AA61ECDC22900FC8BF5 /* Main.storyboard in Resources */ = {isa = PBXBuildFile; fileRef = 4DCD1AA11ECDC22900FC8BF5 /* Main.storyboard */; };
		4DCD1AA91ECDC27F00FC8BF5 /* Image+Theme.swift in Sources */ = {isa = PBXBuildFile; fileRef = 4DCD1AA81ECDC27F00FC8BF5 /* Image+Theme.swift */; };
		4DCE7EEA1EE12A4C00442BF1 /* SearchBarCollectionViewCell.xib in Resources */ = {isa = PBXBuildFile; fileRef = 4DCE7EE91EE12A4C00442BF1 /* SearchBarCollectionViewCell.xib */; };
		4DCE7EEC1EE12B2200442BF1 /* SearchBarCollectionViewCell.swift in Sources */ = {isa = PBXBuildFile; fileRef = 4DCE7EEB1EE12B2200442BF1 /* SearchBarCollectionViewCell.swift */; };
		4DCE7EEE1EE12BC200442BF1 /* SearchBarItemViewModel.swift in Sources */ = {isa = PBXBuildFile; fileRef = 4DCE7EED1EE12BC200442BF1 /* SearchBarItemViewModel.swift */; };
		4DCE7EF01EE21B1C00442BF1 /* Favorite.swift in Sources */ = {isa = PBXBuildFile; fileRef = 4DCE7EEF1EE21B1C00442BF1 /* Favorite.swift */; };
		4DD9C7E31ECDC48B00BE4218 /* SearchCarsViewController.swift in Sources */ = {isa = PBXBuildFile; fileRef = 4DD9C7DE1ECDC48B00BE4218 /* SearchCarsViewController.swift */; };
		4DD9C7EC1ECDC50500BE4218 /* SearchCarsViewModel.swift in Sources */ = {isa = PBXBuildFile; fileRef = 4DD9C7EA1ECDC50500BE4218 /* SearchCarsViewModel.swift */; };
		4DE361671EE801F9007DC92C /* SVPulsingAnnotationView.m in Sources */ = {isa = PBXBuildFile; fileRef = 4DE361661EE801F9007DC92C /* SVPulsingAnnotationView.m */; };
		4DEBEE711EED373800AEF617 /* Banner.swift in Sources */ = {isa = PBXBuildFile; fileRef = 4DEBEE701EED373800AEF617 /* Banner.swift */; };
		4DF27F041EDD7EEB00D2FAAF /* SpeechController.swift in Sources */ = {isa = PBXBuildFile; fileRef = 4DF27F031EDD7EEB00D2FAAF /* SpeechController.swift */; };
		4DFD98311ED45CCE00880EA1 /* CarAnnotation.swift in Sources */ = {isa = PBXBuildFile; fileRef = 4DFD98301ED45CCE00880EA1 /* CarAnnotation.swift */; };
		4DFD98351ED471B800880EA1 /* HomeViewController.swift in Sources */ = {isa = PBXBuildFile; fileRef = 4DFD98341ED471B800880EA1 /* HomeViewController.swift */; };
		4DFD98371ED471F500880EA1 /* HomeViewModel.swift in Sources */ = {isa = PBXBuildFile; fileRef = 4DFD98361ED471F500880EA1 /* HomeViewModel.swift */; };
		4DFD983B1ED4838600880EA1 /* Array+Extensions.swift in Sources */ = {isa = PBXBuildFile; fileRef = 4DFD983A1ED4838600880EA1 /* Array+Extensions.swift */; };
		81C37E37CA1BE404C15D4724 /* Pods_Sharengo.framework in Frameworks */ = {isa = PBXBuildFile; fileRef = D1FF88DEA4B02A2379E80AD6 /* Pods_Sharengo.framework */; };
/* End PBXBuildFile section */

/* Begin PBXFileReference section */
		03653E1E1EEA76C200AC7A93 /* CarBookingCompletedViewController.swift */ = {isa = PBXFileReference; fileEncoding = 4; lastKnownFileType = sourcecode.swift; name = CarBookingCompletedViewController.swift; path = Classes/ViewControllers/CarBookingCompletedViewController.swift; sourceTree = "<group>"; };
		03653E201EEA76D300AC7A93 /* CarBookingCompletedViewModel.swift */ = {isa = PBXFileReference; fileEncoding = 4; lastKnownFileType = sourcecode.swift; name = CarBookingCompletedViewModel.swift; path = Classes/ViewModels/CarBookingCompletedViewModel.swift; sourceTree = "<group>"; };
		03653E221EEADA4800AC7A93 /* NotificationsController.swift */ = {isa = PBXFileReference; fileEncoding = 4; lastKnownFileType = sourcecode.swift; path = NotificationsController.swift; sourceTree = "<group>"; };
		21CC90C4B93E73E78E63AA7D /* Pods-Sharengo.debug.xcconfig */ = {isa = PBXFileReference; includeInIndex = 1; lastKnownFileType = text.xcconfig; name = "Pods-Sharengo.debug.xcconfig"; path = "Pods/Target Support Files/Pods-Sharengo/Pods-Sharengo.debug.xcconfig"; sourceTree = "<group>"; };
		4D0EFF641EDA124900B1A8EE /* UIButton+Theme.swift */ = {isa = PBXFileReference; fileEncoding = 4; lastKnownFileType = sourcecode.swift; name = "UIButton+Theme.swift"; path = "Classes/Theme/UIButton+Theme.swift"; sourceTree = "<group>"; };
		4D1AE8171ED1BA2200C8A1D3 /* SearchBarViewModel.swift */ = {isa = PBXFileReference; fileEncoding = 4; lastKnownFileType = sourcecode.swift; name = SearchBarViewModel.swift; path = Classes/ViewModels/SearchBarViewModel.swift; sourceTree = "<group>"; };
		4D1AE81F1ED1E1A800C8A1D3 /* en */ = {isa = PBXFileReference; lastKnownFileType = text.plist.strings; name = en; path = en.lproj/Localizable.strings; sourceTree = "<group>"; };
		4D1AE8211ED1E26800C8A1D3 /* Text+Theme.swift */ = {isa = PBXFileReference; fileEncoding = 4; lastKnownFileType = sourcecode.swift; name = "Text+Theme.swift"; path = "Classes/Theme/Text+Theme.swift"; sourceTree = "<group>"; };
		4D1AE8231ED1E37700C8A1D3 /* Font+Theme.swift */ = {isa = PBXFileReference; fileEncoding = 4; lastKnownFileType = sourcecode.swift; name = "Font+Theme.swift"; path = "Classes/Theme/Font+Theme.swift"; sourceTree = "<group>"; };
		4D1AE8251ED1E40E00C8A1D3 /* Poppins-Bold.ttf */ = {isa = PBXFileReference; lastKnownFileType = file; path = "Poppins-Bold.ttf"; sourceTree = "<group>"; };
		4D1AE8261ED1E40E00C8A1D3 /* Poppins-Light.ttf */ = {isa = PBXFileReference; lastKnownFileType = file; path = "Poppins-Light.ttf"; sourceTree = "<group>"; };
		4D1AE8271ED1E40E00C8A1D3 /* Poppins-Medium.ttf */ = {isa = PBXFileReference; lastKnownFileType = file; path = "Poppins-Medium.ttf"; sourceTree = "<group>"; };
		4D1AE8281ED1E40E00C8A1D3 /* Poppins-Regular.ttf */ = {isa = PBXFileReference; lastKnownFileType = file; path = "Poppins-Regular.ttf"; sourceTree = "<group>"; };
		4D1AE8291ED1E40E00C8A1D3 /* Poppins-SemiBold.ttf */ = {isa = PBXFileReference; lastKnownFileType = file; path = "Poppins-SemiBold.ttf"; sourceTree = "<group>"; };
		4D2339941EE6CCE300780384 /* IntroViewController.swift */ = {isa = PBXFileReference; fileEncoding = 4; lastKnownFileType = sourcecode.swift; name = IntroViewController.swift; path = Classes/ViewControllers/IntroViewController.swift; sourceTree = "<group>"; };
		4D2339971EE6CDFC00780384 /* IntroViewModel.swift */ = {isa = PBXFileReference; fileEncoding = 4; lastKnownFileType = sourcecode.swift; name = IntroViewModel.swift; path = Classes/ViewModels/IntroViewModel.swift; sourceTree = "<group>"; };
		4D23399A1EE6CF4B00780384 /* INTRO BREVE.gif */ = {isa = PBXFileReference; lastKnownFileType = image.gif; path = "INTRO BREVE.gif"; sourceTree = "<group>"; };
		4D23399E1EE72F3500780384 /* INTRO LUNGA FINE.gif */ = {isa = PBXFileReference; lastKnownFileType = image.gif; path = "INTRO LUNGA FINE.gif"; sourceTree = "<group>"; };
		4D23399F1EE72F3500780384 /* INTRO LUNGA INIZIO.gif */ = {isa = PBXFileReference; lastKnownFileType = image.gif; path = "INTRO LUNGA INIZIO.gif"; sourceTree = "<group>"; };
		4D2628F11ED57CCD001C4E38 /* client.p12 */ = {isa = PBXFileReference; lastKnownFileType = file; path = client.p12; sourceTree = "<group>"; };
		4D2628F31ED57D7B001C4E38 /* PKCS12.swift */ = {isa = PBXFileReference; fileEncoding = 4; lastKnownFileType = sourcecode.swift; name = PKCS12.swift; path = Classes/Utilities/PKCS12.swift; sourceTree = "<group>"; };
		4D36D7BD1ED2EF86005FAEB8 /* LocationController.swift */ = {isa = PBXFileReference; fileEncoding = 4; lastKnownFileType = sourcecode.swift; path = LocationController.swift; sourceTree = "<group>"; };
		4D36D7C01ED2F279005FAEB8 /* en */ = {isa = PBXFileReference; lastKnownFileType = text.plist.strings; name = en; path = en.lproj/InfoPlist.strings; sourceTree = "<group>"; };
		4D36D7C21ED2F35C005FAEB8 /* NotificationCenter+Extensions.swift */ = {isa = PBXFileReference; fileEncoding = 4; lastKnownFileType = sourcecode.swift; name = "NotificationCenter+Extensions.swift"; path = "Classes/Utilities/NotificationCenter+Extensions.swift"; sourceTree = "<group>"; };
		4D36D7C41ED2F604005FAEB8 /* MKMapKit+Extensions.swift */ = {isa = PBXFileReference; fileEncoding = 4; lastKnownFileType = sourcecode.swift; name = "MKMapKit+Extensions.swift"; path = "Classes/Utilities/MKMapKit+Extensions.swift"; sourceTree = "<group>"; };
		4D377AB51ECEDAB0005DF900 /* CircularMenuView.swift */ = {isa = PBXFileReference; fileEncoding = 4; lastKnownFileType = sourcecode.swift; name = CircularMenuView.swift; path = Classes/Views/CircularMenuView.swift; sourceTree = "<group>"; };
		4D377AB71ECEDB6F005DF900 /* CircularMenuView.xib */ = {isa = PBXFileReference; fileEncoding = 4; lastKnownFileType = file.xib; name = CircularMenuView.xib; path = Resources/Xibs/CircularMenuView.xib; sourceTree = "<group>"; };
		4D377AB91ECEE01A005DF900 /* View+Theme.swift */ = {isa = PBXFileReference; fileEncoding = 4; lastKnownFileType = sourcecode.swift; name = "View+Theme.swift"; path = "Classes/Theme/View+Theme.swift"; sourceTree = "<group>"; };
		4D377ABB1ECEE442005DF900 /* Color+Theme.swift */ = {isa = PBXFileReference; fileEncoding = 4; lastKnownFileType = sourcecode.swift; name = "Color+Theme.swift"; path = "Classes/Theme/Color+Theme.swift"; sourceTree = "<group>"; };
		4D3BF1241ED76EAF00E595E7 /* UIView+Extensions.swift */ = {isa = PBXFileReference; fileEncoding = 4; lastKnownFileType = sourcecode.swift; name = "UIView+Extensions.swift"; path = "Classes/Utilities/UIView+Extensions.swift"; sourceTree = "<group>"; };
		4D45BB281EE69895004C7287 /* CarBookingPopupView.swift */ = {isa = PBXFileReference; fileEncoding = 4; lastKnownFileType = sourcecode.swift; name = CarBookingPopupView.swift; path = Classes/Views/CarBookingPopupView.swift; sourceTree = "<group>"; };
		4D45BB2A1EE698A9004C7287 /* CarBookingPopupViewModel.swift */ = {isa = PBXFileReference; fileEncoding = 4; lastKnownFileType = sourcecode.swift; name = CarBookingPopupViewModel.swift; path = Classes/ViewModels/CarBookingPopupViewModel.swift; sourceTree = "<group>"; };
		4D45BB2C1EE698C2004C7287 /* CarBookingPopupView.xib */ = {isa = PBXFileReference; fileEncoding = 4; lastKnownFileType = file.xib; name = CarBookingPopupView.xib; path = Resources/Xibs/CarBookingPopupView.xib; sourceTree = "<group>"; };
		4D45BB2F1EE69F49004C7287 /* CarBooking.swift */ = {isa = PBXFileReference; fileEncoding = 4; lastKnownFileType = sourcecode.swift; name = CarBooking.swift; path = Classes/Model/CarBooking.swift; sourceTree = "<group>"; };
		4D6ACACA1ECF2FC000D58948 /* CircularMenuViewModel.swift */ = {isa = PBXFileReference; fileEncoding = 4; lastKnownFileType = sourcecode.swift; name = CircularMenuViewModel.swift; path = Classes/ViewModels/CircularMenuViewModel.swift; sourceTree = "<group>"; };
		4D6ACACC1ECF333700D58948 /* NavigationBarView.xib */ = {isa = PBXFileReference; fileEncoding = 4; lastKnownFileType = file.xib; name = NavigationBarView.xib; path = Resources/Xibs/NavigationBarView.xib; sourceTree = "<group>"; };
		4D6ACACE1ECF33CE00D58948 /* NavigationBarView.swift */ = {isa = PBXFileReference; fileEncoding = 4; lastKnownFileType = sourcecode.swift; name = NavigationBarView.swift; path = Classes/Views/NavigationBarView.swift; sourceTree = "<group>"; };
		4D6ACAD01ECF33F700D58948 /* NavigationBarViewModel.swift */ = {isa = PBXFileReference; fileEncoding = 4; lastKnownFileType = sourcecode.swift; name = NavigationBarViewModel.swift; path = Classes/ViewModels/NavigationBarViewModel.swift; sourceTree = "<group>"; };
		4D72B3481ED964CD002C2375 /* CarPopupView.swift */ = {isa = PBXFileReference; fileEncoding = 4; lastKnownFileType = sourcecode.swift; name = CarPopupView.swift; path = Classes/Views/CarPopupView.swift; sourceTree = "<group>"; };
		4D72B34A1ED96533002C2375 /* CarPopupViewModel.swift */ = {isa = PBXFileReference; fileEncoding = 4; lastKnownFileType = sourcecode.swift; name = CarPopupViewModel.swift; path = Classes/ViewModels/CarPopupViewModel.swift; sourceTree = "<group>"; };
		4D72B34D1ED96736002C2375 /* CarPopupView.xib */ = {isa = PBXFileReference; fileEncoding = 4; lastKnownFileType = file.xib; name = CarPopupView.xib; path = Resources/Xibs/CarPopupView.xib; sourceTree = "<group>"; };
		4D93514E1EE0346B008C65C3 /* SearchBarView.swift */ = {isa = PBXFileReference; fileEncoding = 4; lastKnownFileType = sourcecode.swift; name = SearchBarView.swift; path = Classes/Views/SearchBarView.swift; sourceTree = "<group>"; };
		4D9351501EE03497008C65C3 /* SearchBarView.xib */ = {isa = PBXFileReference; fileEncoding = 4; lastKnownFileType = file.xib; name = SearchBarView.xib; path = Resources/Xibs/SearchBarView.xib; sourceTree = "<group>"; };
		4D9400D41EDF441700AD0EC6 /* NominatimAPIController.swift */ = {isa = PBXFileReference; fileEncoding = 4; lastKnownFileType = sourcecode.swift; path = NominatimAPIController.swift; sourceTree = "<group>"; };
		4D9400D61EDF4BFE00AD0EC6 /* Address.swift */ = {isa = PBXFileReference; fileEncoding = 4; lastKnownFileType = sourcecode.swift; name = Address.swift; path = Classes/Model/Address.swift; sourceTree = "<group>"; };
		4D965B6D1EEAF3780006294E /* CarTrip.swift */ = {isa = PBXFileReference; fileEncoding = 4; lastKnownFileType = sourcecode.swift; name = CarTrip.swift; path = Classes/Model/CarTrip.swift; sourceTree = "<group>"; };
		4DA178641ED63C4D00EBD32B /* UIColor.swift */ = {isa = PBXFileReference; fileEncoding = 4; lastKnownFileType = sourcecode.swift; path = UIColor.swift; sourceTree = "<group>"; };
		4DA178651ED63C4D00EBD32B /* UIImage.swift */ = {isa = PBXFileReference; fileEncoding = 4; lastKnownFileType = sourcecode.swift; path = UIImage.swift; sourceTree = "<group>"; };
		4DA178661ED63C4D00EBD32B /* ZAlertView.swift */ = {isa = PBXFileReference; fileEncoding = 4; lastKnownFileType = sourcecode.swift; path = ZAlertView.swift; sourceTree = "<group>"; };
		4DA554381EE54EA0001627E7 /* Bridging-Header.h */ = {isa = PBXFileReference; fileEncoding = 4; lastKnownFileType = sourcecode.c.h; path = "Bridging-Header.h"; sourceTree = "<group>"; };
		4DA5543A1EE55284001627E7 /* FBAnnotation.swift */ = {isa = PBXFileReference; fileEncoding = 4; lastKnownFileType = sourcecode.swift; path = FBAnnotation.swift; sourceTree = "<group>"; };
		4DA5543B1EE55284001627E7 /* FBAnnotationCluster.swift */ = {isa = PBXFileReference; fileEncoding = 4; lastKnownFileType = sourcecode.swift; path = FBAnnotationCluster.swift; sourceTree = "<group>"; };
		4DA5543C1EE55284001627E7 /* FBAnnotationClusterTemplate.swift */ = {isa = PBXFileReference; fileEncoding = 4; lastKnownFileType = sourcecode.swift; path = FBAnnotationClusterTemplate.swift; sourceTree = "<group>"; };
		4DA5543D1EE55284001627E7 /* FBAnnotationClusterView.swift */ = {isa = PBXFileReference; fileEncoding = 4; lastKnownFileType = sourcecode.swift; path = FBAnnotationClusterView.swift; sourceTree = "<group>"; };
		4DA5543E1EE55284001627E7 /* FBAnnotationClusterViewConfiguration.swift */ = {isa = PBXFileReference; fileEncoding = 4; lastKnownFileType = sourcecode.swift; path = FBAnnotationClusterViewConfiguration.swift; sourceTree = "<group>"; };
		4DA5543F1EE55284001627E7 /* FBBoundingBox+MapKit.swift */ = {isa = PBXFileReference; fileEncoding = 4; lastKnownFileType = sourcecode.swift; path = "FBBoundingBox+MapKit.swift"; sourceTree = "<group>"; };
		4DA554401EE55284001627E7 /* FBBoundingBox.swift */ = {isa = PBXFileReference; fileEncoding = 4; lastKnownFileType = sourcecode.swift; path = FBBoundingBox.swift; sourceTree = "<group>"; };
		4DA554411EE55284001627E7 /* FBClusteringManager.swift */ = {isa = PBXFileReference; fileEncoding = 4; lastKnownFileType = sourcecode.swift; path = FBClusteringManager.swift; sourceTree = "<group>"; };
		4DA554421EE55284001627E7 /* FBQuadTree.swift */ = {isa = PBXFileReference; fileEncoding = 4; lastKnownFileType = sourcecode.swift; path = FBQuadTree.swift; sourceTree = "<group>"; };
		4DA554431EE55284001627E7 /* FBQuadTreeNode.swift */ = {isa = PBXFileReference; fileEncoding = 4; lastKnownFileType = sourcecode.swift; path = FBQuadTreeNode.swift; sourceTree = "<group>"; };
		4DA554441EE55284001627E7 /* FBZoomLevel.swift */ = {isa = PBXFileReference; fileEncoding = 4; lastKnownFileType = sourcecode.swift; path = FBZoomLevel.swift; sourceTree = "<group>"; };
		4DA554501EE56337001627E7 /* CityAnnotation.swift */ = {isa = PBXFileReference; fileEncoding = 4; lastKnownFileType = sourcecode.swift; path = CityAnnotation.swift; sourceTree = "<group>"; };
		4DC10DFE1EE9AA3300A74E26 /* LoadingViewController.swift */ = {isa = PBXFileReference; fileEncoding = 4; lastKnownFileType = sourcecode.swift; name = LoadingViewController.swift; path = Classes/ViewControllers/LoadingViewController.swift; sourceTree = "<group>"; };
		4DC10E011EE9D6F000A74E26 /* CoreController.swift */ = {isa = PBXFileReference; fileEncoding = 4; lastKnownFileType = sourcecode.swift; path = CoreController.swift; sourceTree = "<group>"; };
		4DC59F981EDADC6200DD658A /* Response.swift */ = {isa = PBXFileReference; fileEncoding = 4; lastKnownFileType = sourcecode.swift; name = Response.swift; path = Classes/Model/Response.swift; sourceTree = "<group>"; };
		4DCC70A01ED3106200906DA0 /* APIController.swift */ = {isa = PBXFileReference; fileEncoding = 4; lastKnownFileType = sourcecode.swift; path = APIController.swift; sourceTree = "<group>"; };
		4DCD1A521ECDBF7400FC8BF5 /* Sharengo.app */ = {isa = PBXFileReference; explicitFileType = wrapper.application; includeInIndex = 0; path = Sharengo.app; sourceTree = BUILT_PRODUCTS_DIR; };
		4DCD1A5C1ECDBF7400FC8BF5 /* AppDelegate.swift */ = {isa = PBXFileReference; lastKnownFileType = sourcecode.swift; path = AppDelegate.swift; sourceTree = "<group>"; };
		4DCD1A811ECDC16400FC8BF5 /* Operators.swift */ = {isa = PBXFileReference; fileEncoding = 4; lastKnownFileType = sourcecode.swift; name = Operators.swift; path = Classes/Utilities/Operators.swift; sourceTree = "<group>"; };
		4DCD1A821ECDC16400FC8BF5 /* SeparatorLayout.swift */ = {isa = PBXFileReference; fileEncoding = 4; lastKnownFileType = sourcecode.swift; name = SeparatorLayout.swift; path = Classes/Utilities/SeparatorLayout.swift; sourceTree = "<group>"; };
		4DCD1A831ECDC16400FC8BF5 /* Utilities.swift */ = {isa = PBXFileReference; fileEncoding = 4; lastKnownFileType = sourcecode.swift; name = Utilities.swift; path = Classes/Utilities/Utilities.swift; sourceTree = "<group>"; };
		4DCD1A871ECDC17100FC8BF5 /* ViewFactory.swift */ = {isa = PBXFileReference; fileEncoding = 4; lastKnownFileType = sourcecode.swift; name = ViewFactory.swift; path = Classes/Factories/ViewFactory.swift; sourceTree = "<group>"; };
		4DCD1A881ECDC17100FC8BF5 /* ViewModelFactory.swift */ = {isa = PBXFileReference; fileEncoding = 4; lastKnownFileType = sourcecode.swift; name = ViewModelFactory.swift; path = Classes/Factories/ViewModelFactory.swift; sourceTree = "<group>"; };
		4DCD1A8B1ECDC17A00FC8BF5 /* Car.swift */ = {isa = PBXFileReference; fileEncoding = 4; lastKnownFileType = sourcecode.swift; name = Car.swift; path = Classes/Model/Car.swift; sourceTree = "<group>"; };
		4DCD1A8D1ECDC18500FC8BF5 /* Router.swift */ = {isa = PBXFileReference; fileEncoding = 4; lastKnownFileType = sourcecode.swift; name = Router.swift; path = Classes/Router/Router.swift; sourceTree = "<group>"; };
		4DCD1A8E1ECDC18500FC8BF5 /* Router+Preview.swift */ = {isa = PBXFileReference; fileEncoding = 4; lastKnownFileType = sourcecode.swift; name = "Router+Preview.swift"; path = "Classes/Router/Router+Preview.swift"; sourceTree = "<group>"; };
		4DCD1A8F1ECDC18500FC8BF5 /* Router+Safari.swift */ = {isa = PBXFileReference; fileEncoding = 4; lastKnownFileType = sourcecode.swift; name = "Router+Safari.swift"; path = "Classes/Router/Router+Safari.swift"; sourceTree = "<group>"; };
		4DCD1A931ECDC1EC00FC8BF5 /* ViewControllerCommons.swift */ = {isa = PBXFileReference; fileEncoding = 4; lastKnownFileType = sourcecode.swift; name = ViewControllerCommons.swift; path = Classes/ViewControllers/ViewControllerCommons.swift; sourceTree = "<group>"; };
		4DCD1A991ECDC22900FC8BF5 /* Assets.xcassets */ = {isa = PBXFileReference; lastKnownFileType = folder.assetcatalog; path = Assets.xcassets; sourceTree = "<group>"; };
		4DCD1A9E1ECDC22900FC8BF5 /* Info.plist */ = {isa = PBXFileReference; fileEncoding = 4; lastKnownFileType = text.plist.xml; path = Info.plist; sourceTree = "<group>"; };
		4DCD1AA01ECDC22900FC8BF5 /* LaunchScreen.storyboard */ = {isa = PBXFileReference; fileEncoding = 4; lastKnownFileType = file.storyboard; path = LaunchScreen.storyboard; sourceTree = "<group>"; };
		4DCD1AA11ECDC22900FC8BF5 /* Main.storyboard */ = {isa = PBXFileReference; fileEncoding = 4; lastKnownFileType = file.storyboard; path = Main.storyboard; sourceTree = "<group>"; };
		4DCD1AA81ECDC27F00FC8BF5 /* Image+Theme.swift */ = {isa = PBXFileReference; fileEncoding = 4; lastKnownFileType = sourcecode.swift; name = "Image+Theme.swift"; path = "Classes/Theme/Image+Theme.swift"; sourceTree = "<group>"; };
		4DCE7EE91EE12A4C00442BF1 /* SearchBarCollectionViewCell.xib */ = {isa = PBXFileReference; fileEncoding = 4; lastKnownFileType = file.xib; name = SearchBarCollectionViewCell.xib; path = Resources/Xibs/SearchBarCollectionViewCell.xib; sourceTree = "<group>"; };
		4DCE7EEB1EE12B2200442BF1 /* SearchBarCollectionViewCell.swift */ = {isa = PBXFileReference; fileEncoding = 4; lastKnownFileType = sourcecode.swift; name = SearchBarCollectionViewCell.swift; path = Classes/Views/SearchBarCollectionViewCell.swift; sourceTree = "<group>"; };
		4DCE7EED1EE12BC200442BF1 /* SearchBarItemViewModel.swift */ = {isa = PBXFileReference; fileEncoding = 4; lastKnownFileType = sourcecode.swift; name = SearchBarItemViewModel.swift; path = Classes/ViewModels/SearchBarItemViewModel.swift; sourceTree = "<group>"; };
		4DCE7EEF1EE21B1C00442BF1 /* Favorite.swift */ = {isa = PBXFileReference; fileEncoding = 4; lastKnownFileType = sourcecode.swift; name = Favorite.swift; path = Classes/Model/Favorite.swift; sourceTree = "<group>"; };
		4DD9C7DE1ECDC48B00BE4218 /* SearchCarsViewController.swift */ = {isa = PBXFileReference; fileEncoding = 4; lastKnownFileType = sourcecode.swift; name = SearchCarsViewController.swift; path = Classes/ViewControllers/SearchCarsViewController.swift; sourceTree = "<group>"; };
		4DD9C7EA1ECDC50500BE4218 /* SearchCarsViewModel.swift */ = {isa = PBXFileReference; fileEncoding = 4; lastKnownFileType = sourcecode.swift; name = SearchCarsViewModel.swift; path = Classes/ViewModels/SearchCarsViewModel.swift; sourceTree = "<group>"; };
		4DE361651EE801F9007DC92C /* SVPulsingAnnotationView.h */ = {isa = PBXFileReference; fileEncoding = 4; lastKnownFileType = sourcecode.c.h; path = SVPulsingAnnotationView.h; sourceTree = "<group>"; };
		4DE361661EE801F9007DC92C /* SVPulsingAnnotationView.m */ = {isa = PBXFileReference; fileEncoding = 4; lastKnownFileType = sourcecode.c.objc; path = SVPulsingAnnotationView.m; sourceTree = "<group>"; };
		4DEBEE701EED373800AEF617 /* Banner.swift */ = {isa = PBXFileReference; fileEncoding = 4; lastKnownFileType = sourcecode.swift; path = Banner.swift; sourceTree = "<group>"; };
		4DF27F031EDD7EEB00D2FAAF /* SpeechController.swift */ = {isa = PBXFileReference; fileEncoding = 4; lastKnownFileType = sourcecode.swift; path = SpeechController.swift; sourceTree = "<group>"; };
		4DFD98301ED45CCE00880EA1 /* CarAnnotation.swift */ = {isa = PBXFileReference; fileEncoding = 4; lastKnownFileType = sourcecode.swift; path = CarAnnotation.swift; sourceTree = "<group>"; };
		4DFD98341ED471B800880EA1 /* HomeViewController.swift */ = {isa = PBXFileReference; fileEncoding = 4; lastKnownFileType = sourcecode.swift; name = HomeViewController.swift; path = Classes/ViewControllers/HomeViewController.swift; sourceTree = "<group>"; };
		4DFD98361ED471F500880EA1 /* HomeViewModel.swift */ = {isa = PBXFileReference; fileEncoding = 4; lastKnownFileType = sourcecode.swift; name = HomeViewModel.swift; path = Classes/ViewModels/HomeViewModel.swift; sourceTree = "<group>"; };
		4DFD983A1ED4838600880EA1 /* Array+Extensions.swift */ = {isa = PBXFileReference; fileEncoding = 4; lastKnownFileType = sourcecode.swift; name = "Array+Extensions.swift"; path = "Classes/Utilities/Array+Extensions.swift"; sourceTree = "<group>"; };
		D1FF88DEA4B02A2379E80AD6 /* Pods_Sharengo.framework */ = {isa = PBXFileReference; explicitFileType = wrapper.framework; includeInIndex = 0; path = Pods_Sharengo.framework; sourceTree = BUILT_PRODUCTS_DIR; };
		DE40A0AEF9D68E90D3A2F69B /* Pods-Sharengo.release.xcconfig */ = {isa = PBXFileReference; includeInIndex = 1; lastKnownFileType = text.xcconfig; name = "Pods-Sharengo.release.xcconfig"; path = "Pods/Target Support Files/Pods-Sharengo/Pods-Sharengo.release.xcconfig"; sourceTree = "<group>"; };
/* End PBXFileReference section */

/* Begin PBXFrameworksBuildPhase section */
		4DCD1A4F1ECDBF7400FC8BF5 /* Frameworks */ = {
			isa = PBXFrameworksBuildPhase;
			buildActionMask = 2147483647;
			files = (
				81C37E37CA1BE404C15D4724 /* Pods_Sharengo.framework in Frameworks */,
			);
			runOnlyForDeploymentPostprocessing = 0;
		};
/* End PBXFrameworksBuildPhase section */

/* Begin PBXGroup section */
		03653E1D1EEA76A200AC7A93 /* CarBookingCompleted */ = {
			isa = PBXGroup;
			children = (
				03653E1E1EEA76C200AC7A93 /* CarBookingCompletedViewController.swift */,
				03653E201EEA76D300AC7A93 /* CarBookingCompletedViewModel.swift */,
			);
			name = CarBookingCompleted;
			sourceTree = "<group>";
		};
		0725785E328265441F78D09B /* Frameworks */ = {
			isa = PBXGroup;
			children = (
				D1FF88DEA4B02A2379E80AD6 /* Pods_Sharengo.framework */,
			);
			name = Frameworks;
			sourceTree = "<group>";
		};
		4D1AE8191ED1BA2500C8A1D3 /* SearchBar */ = {
			isa = PBXGroup;
			children = (
				4D93514E1EE0346B008C65C3 /* SearchBarView.swift */,
				4D1AE8171ED1BA2200C8A1D3 /* SearchBarViewModel.swift */,
				4D9351501EE03497008C65C3 /* SearchBarView.xib */,
				4DCE7EEB1EE12B2200442BF1 /* SearchBarCollectionViewCell.swift */,
				4DCE7EED1EE12BC200442BF1 /* SearchBarItemViewModel.swift */,
				4DCE7EE91EE12A4C00442BF1 /* SearchBarCollectionViewCell.xib */,
			);
			name = SearchBar;
			sourceTree = "<group>";
		};
		4D2339961EE6CD2A00780384 /* Intro */ = {
			isa = PBXGroup;
			children = (
				4D2339941EE6CCE300780384 /* IntroViewController.swift */,
				4D2339971EE6CDFC00780384 /* IntroViewModel.swift */,
			);
			name = Intro;
			sourceTree = "<group>";
		};
		4D2339991EE6CF4B00780384 /* Gifs */ = {
			isa = PBXGroup;
			children = (
				4D23399A1EE6CF4B00780384 /* INTRO BREVE.gif */,
				4D23399E1EE72F3500780384 /* INTRO LUNGA FINE.gif */,
				4D23399F1EE72F3500780384 /* INTRO LUNGA INIZIO.gif */,
			);
			name = Gifs;
			path = Resources/Gifs;
			sourceTree = "<group>";
		};
		4D2628F01ED57CCD001C4E38 /* Certificates */ = {
			isa = PBXGroup;
			children = (
				4D2628F11ED57CCD001C4E38 /* client.p12 */,
			);
			name = Certificates;
			path = Resources/Certificates;
			sourceTree = "<group>";
		};
		4D36D7BC1ED2EF86005FAEB8 /* Controllers */ = {
			isa = PBXGroup;
			children = (
				4DC10E011EE9D6F000A74E26 /* CoreController.swift */,
				4DCC70A01ED3106200906DA0 /* APIController.swift */,
				4D9400D41EDF441700AD0EC6 /* NominatimAPIController.swift */,
				4D36D7BD1ED2EF86005FAEB8 /* LocationController.swift */,
				4DF27F031EDD7EEB00D2FAAF /* SpeechController.swift */,
				03653E221EEADA4800AC7A93 /* NotificationsController.swift */,
			);
			name = Controllers;
			path = Classes/Controllers;
			sourceTree = "<group>";
		};
		4D377AB41ECEDA27005DF900 /* Views */ = {
			isa = PBXGroup;
			children = (
				4D4EED691ECF947200700CC0 /* NavigationBar */,
				4D4EED6A1ECF947E00700CC0 /* CircularMenu */,
				4D72B34C1ED965F7002C2375 /* CarPopup */,
				4D45BB2E1EE698C7004C7287 /* CarBookingPopup */,
				4D1AE8191ED1BA2500C8A1D3 /* SearchBar */,
			);
			name = Views;
			sourceTree = "<group>";
		};
		4D45BB2E1EE698C7004C7287 /* CarBookingPopup */ = {
			isa = PBXGroup;
			children = (
				4D45BB281EE69895004C7287 /* CarBookingPopupView.swift */,
				4D45BB2A1EE698A9004C7287 /* CarBookingPopupViewModel.swift */,
				4D45BB2C1EE698C2004C7287 /* CarBookingPopupView.xib */,
			);
			name = CarBookingPopup;
			sourceTree = "<group>";
		};
		4D4EED691ECF947200700CC0 /* NavigationBar */ = {
			isa = PBXGroup;
			children = (
				4D6ACACE1ECF33CE00D58948 /* NavigationBarView.swift */,
				4D6ACAD01ECF33F700D58948 /* NavigationBarViewModel.swift */,
				4D6ACACC1ECF333700D58948 /* NavigationBarView.xib */,
			);
			name = NavigationBar;
			sourceTree = "<group>";
		};
		4D4EED6A1ECF947E00700CC0 /* CircularMenu */ = {
			isa = PBXGroup;
			children = (
				4D377AB51ECEDAB0005DF900 /* CircularMenuView.swift */,
				4D6ACACA1ECF2FC000D58948 /* CircularMenuViewModel.swift */,
				4D377AB71ECEDB6F005DF900 /* CircularMenuView.xib */,
			);
			name = CircularMenu;
			sourceTree = "<group>";
		};
		4D72B34C1ED965F7002C2375 /* CarPopup */ = {
			isa = PBXGroup;
			children = (
				4D72B3481ED964CD002C2375 /* CarPopupView.swift */,
				4D72B34A1ED96533002C2375 /* CarPopupViewModel.swift */,
				4D72B34D1ED96736002C2375 /* CarPopupView.xib */,
			);
			name = CarPopup;
			sourceTree = "<group>";
		};
		4DA178631ED63C4D00EBD32B /* ZAlertView */ = {
			isa = PBXGroup;
			children = (
				4DA178651ED63C4D00EBD32B /* UIImage.swift */,
				4DA178641ED63C4D00EBD32B /* UIColor.swift */,
				4DA178661ED63C4D00EBD32B /* ZAlertView.swift */,
			);
			name = ZAlertView;
			path = Classes/Utilities/ZAlertView;
			sourceTree = "<group>";
		};
		4DA554371EE54EA0001627E7 /* Various */ = {
			isa = PBXGroup;
			children = (
				4DA554381EE54EA0001627E7 /* Bridging-Header.h */,
			);
			name = Various;
			path = Classes/Various;
			sourceTree = "<group>";
		};
		4DA554391EE55284001627E7 /* FBAnnotationClusteringSwift */ = {
			isa = PBXGroup;
			children = (
				4DA5543A1EE55284001627E7 /* FBAnnotation.swift */,
				4DA5543B1EE55284001627E7 /* FBAnnotationCluster.swift */,
				4DA5543C1EE55284001627E7 /* FBAnnotationClusterTemplate.swift */,
				4DA5543D1EE55284001627E7 /* FBAnnotationClusterView.swift */,
				4DA5543E1EE55284001627E7 /* FBAnnotationClusterViewConfiguration.swift */,
				4DA5543F1EE55284001627E7 /* FBBoundingBox+MapKit.swift */,
				4DA554401EE55284001627E7 /* FBBoundingBox.swift */,
				4DA554411EE55284001627E7 /* FBClusteringManager.swift */,
				4DA554421EE55284001627E7 /* FBQuadTree.swift */,
				4DA554431EE55284001627E7 /* FBQuadTreeNode.swift */,
				4DA554441EE55284001627E7 /* FBZoomLevel.swift */,
			);
			name = FBAnnotationClusteringSwift;
			path = Classes/Utilities/FBAnnotationClusteringSwift;
			sourceTree = "<group>";
		};
		4DC10E001EE9AC5800A74E26 /* Loading */ = {
			isa = PBXGroup;
			children = (
				4DC10DFE1EE9AA3300A74E26 /* LoadingViewController.swift */,
			);
			name = Loading;
			sourceTree = "<group>";
		};
		4DCD1A491ECDBF7400FC8BF5 = {
			isa = PBXGroup;
			children = (
				4DCD1A541ECDBF7400FC8BF5 /* Sharengo */,
				4DCD1A531ECDBF7400FC8BF5 /* Products */,
				906843C62B31F2F1D555438B /* Pods */,
				0725785E328265441F78D09B /* Frameworks */,
			);
			sourceTree = "<group>";
		};
		4DCD1A531ECDBF7400FC8BF5 /* Products */ = {
			isa = PBXGroup;
			children = (
				4DCD1A521ECDBF7400FC8BF5 /* Sharengo.app */,
			);
			name = Products;
			sourceTree = "<group>";
		};
		4DCD1A541ECDBF7400FC8BF5 /* Sharengo */ = {
			isa = PBXGroup;
			children = (
				4DCD1A5C1ECDBF7400FC8BF5 /* AppDelegate.swift */,
				4DCD1A951ECDC1F600FC8BF5 /* Classes */,
				4DCD1A961ECDC20500FC8BF5 /* Resources */,
			);
			path = Sharengo;
			sourceTree = "<group>";
		};
		4DCD1A571ECDBF7400FC8BF5 /* Utilities */ = {
			isa = PBXGroup;
			children = (
				4DCD1A811ECDC16400FC8BF5 /* Operators.swift */,
				4DCD1A821ECDC16400FC8BF5 /* SeparatorLayout.swift */,
				4DCD1A831ECDC16400FC8BF5 /* Utilities.swift */,
				4D36D7C21ED2F35C005FAEB8 /* NotificationCenter+Extensions.swift */,
				4D36D7C41ED2F604005FAEB8 /* MKMapKit+Extensions.swift */,
				4DFD983A1ED4838600880EA1 /* Array+Extensions.swift */,
				4D3BF1241ED76EAF00E595E7 /* UIView+Extensions.swift */,
				4D2628F31ED57D7B001C4E38 /* PKCS12.swift */,
				4DEBEE6F1EED373800AEF617 /* BRYXBanner */,
				4DE361641EE801F9007DC92C /* SVPulsingAnnotation */,
				4DA554391EE55284001627E7 /* FBAnnotationClusteringSwift */,
				4DA178631ED63C4D00EBD32B /* ZAlertView */,
			);
			name = Utilities;
			sourceTree = "<group>";
		};
		4DCD1A5E1ECDBF7400FC8BF5 /* Model */ = {
			isa = PBXGroup;
			children = (
				4DC59F981EDADC6200DD658A /* Response.swift */,
				4D45BB2F1EE69F49004C7287 /* CarBooking.swift */,
				4D965B6D1EEAF3780006294E /* CarTrip.swift */,
				4DCD1A8B1ECDC17A00FC8BF5 /* Car.swift */,
				4D9400D61EDF4BFE00AD0EC6 /* Address.swift */,
				4DCE7EEF1EE21B1C00442BF1 /* Favorite.swift */,
				4DFD982F1ED45CCE00880EA1 /* Annotations */,
			);
			name = Model;
			sourceTree = "<group>";
		};
		4DCD1A611ECDBF7400FC8BF5 /* Factories */ = {
			isa = PBXGroup;
			children = (
				4DCD1A871ECDC17100FC8BF5 /* ViewFactory.swift */,
				4DCD1A881ECDC17100FC8BF5 /* ViewModelFactory.swift */,
			);
			name = Factories;
			sourceTree = "<group>";
		};
		4DCD1A661ECDBF7400FC8BF5 /* Router */ = {
			isa = PBXGroup;
			children = (
				4DCD1A8D1ECDC18500FC8BF5 /* Router.swift */,
				4DCD1A8E1ECDC18500FC8BF5 /* Router+Preview.swift */,
				4DCD1A8F1ECDC18500FC8BF5 /* Router+Safari.swift */,
			);
			name = Router;
			sourceTree = "<group>";
		};
		4DCD1A751ECDBF7400FC8BF5 /* ViewControllers */ = {
			isa = PBXGroup;
			children = (
				4DCD1A931ECDC1EC00FC8BF5 /* ViewControllerCommons.swift */,
				4DC10E001EE9AC5800A74E26 /* Loading */,
				4D2339961EE6CD2A00780384 /* Intro */,
				4DFD98381ED471FC00880EA1 /* Home */,
				4DD9C7ED1ECDC52900BE4218 /* SearchCars */,
				03653E1D1EEA76A200AC7A93 /* CarBookingCompleted */,
			);
			name = ViewControllers;
			sourceTree = "<group>";
		};
		4DCD1A951ECDC1F600FC8BF5 /* Classes */ = {
			isa = PBXGroup;
			children = (
				4DCD1A751ECDBF7400FC8BF5 /* ViewControllers */,
				4D377AB41ECEDA27005DF900 /* Views */,
				4DCD1A5E1ECDBF7400FC8BF5 /* Model */,
				4DCD1A611ECDBF7400FC8BF5 /* Factories */,
				4DCD1A661ECDBF7400FC8BF5 /* Router */,
				4DCD1AA71ECDC26000FC8BF5 /* Theme */,
				4DCD1A571ECDBF7400FC8BF5 /* Utilities */,
				4D36D7BC1ED2EF86005FAEB8 /* Controllers */,
				4DA554371EE54EA0001627E7 /* Various */,
			);
			name = Classes;
			sourceTree = "<group>";
		};
		4DCD1A961ECDC20500FC8BF5 /* Resources */ = {
			isa = PBXGroup;
			children = (
				4D2339991EE6CF4B00780384 /* Gifs */,
				4D2628F01ED57CCD001C4E38 /* Certificates */,
				4DCD1A981ECDC22900FC8BF5 /* Assets */,
				4DCD1A9A1ECDC22900FC8BF5 /* Fonts */,
				4DCD1A9B1ECDC22900FC8BF5 /* Frameworks */,
				4DCD1A9C1ECDC22900FC8BF5 /* Languages */,
				4DCD1A9D1ECDC22900FC8BF5 /* Plists */,
				4DCD1A9F1ECDC22900FC8BF5 /* Storyboards */,
			);
			name = Resources;
			sourceTree = "<group>";
		};
		4DCD1A981ECDC22900FC8BF5 /* Assets */ = {
			isa = PBXGroup;
			children = (
				4DCD1A991ECDC22900FC8BF5 /* Assets.xcassets */,
			);
			name = Assets;
			path = Resources/Assets;
			sourceTree = "<group>";
		};
		4DCD1A9A1ECDC22900FC8BF5 /* Fonts */ = {
			isa = PBXGroup;
			children = (
				4D1AE8261ED1E40E00C8A1D3 /* Poppins-Light.ttf */,
				4D1AE8281ED1E40E00C8A1D3 /* Poppins-Regular.ttf */,
				4D1AE8291ED1E40E00C8A1D3 /* Poppins-SemiBold.ttf */,
				4D1AE8271ED1E40E00C8A1D3 /* Poppins-Medium.ttf */,
				4D1AE8251ED1E40E00C8A1D3 /* Poppins-Bold.ttf */,
			);
			name = Fonts;
			path = Resources/Fonts;
			sourceTree = "<group>";
		};
		4DCD1A9B1ECDC22900FC8BF5 /* Frameworks */ = {
			isa = PBXGroup;
			children = (
			);
			name = Frameworks;
			path = Resources/Frameworks;
			sourceTree = "<group>";
		};
		4DCD1A9C1ECDC22900FC8BF5 /* Languages */ = {
			isa = PBXGroup;
			children = (
				4D1AE81E1ED1E1A800C8A1D3 /* Localizable.strings */,
				4D36D7BF1ED2F279005FAEB8 /* InfoPlist.strings */,
			);
			name = Languages;
			path = Resources/Languages;
			sourceTree = "<group>";
		};
		4DCD1A9D1ECDC22900FC8BF5 /* Plists */ = {
			isa = PBXGroup;
			children = (
				4DCD1A9E1ECDC22900FC8BF5 /* Info.plist */,
			);
			name = Plists;
			path = Resources/Plists;
			sourceTree = "<group>";
		};
		4DCD1A9F1ECDC22900FC8BF5 /* Storyboards */ = {
			isa = PBXGroup;
			children = (
				4DCD1AA11ECDC22900FC8BF5 /* Main.storyboard */,
				4DCD1AA01ECDC22900FC8BF5 /* LaunchScreen.storyboard */,
			);
			name = Storyboards;
			path = Resources/Storyboards;
			sourceTree = "<group>";
		};
		4DCD1AA71ECDC26000FC8BF5 /* Theme */ = {
			isa = PBXGroup;
			children = (
				4DCD1AA81ECDC27F00FC8BF5 /* Image+Theme.swift */,
				4D377ABB1ECEE442005DF900 /* Color+Theme.swift */,
				4D1AE8211ED1E26800C8A1D3 /* Text+Theme.swift */,
				4D1AE8231ED1E37700C8A1D3 /* Font+Theme.swift */,
				4D377AB91ECEE01A005DF900 /* View+Theme.swift */,
				4D0EFF641EDA124900B1A8EE /* UIButton+Theme.swift */,
			);
			name = Theme;
			sourceTree = "<group>";
		};
		4DD9C7ED1ECDC52900BE4218 /* SearchCars */ = {
			isa = PBXGroup;
			children = (
				4DD9C7DE1ECDC48B00BE4218 /* SearchCarsViewController.swift */,
				4DD9C7EA1ECDC50500BE4218 /* SearchCarsViewModel.swift */,
			);
			name = SearchCars;
			sourceTree = "<group>";
		};
		4DE361641EE801F9007DC92C /* SVPulsingAnnotation */ = {
			isa = PBXGroup;
			children = (
				4DE361651EE801F9007DC92C /* SVPulsingAnnotationView.h */,
				4DE361661EE801F9007DC92C /* SVPulsingAnnotationView.m */,
			);
			name = SVPulsingAnnotation;
			path = Classes/Utilities/SVPulsingAnnotation;
			sourceTree = "<group>";
		};
		4DEBEE6F1EED373800AEF617 /* BRYXBanner */ = {
			isa = PBXGroup;
			children = (
				4DEBEE701EED373800AEF617 /* Banner.swift */,
			);
			name = BRYXBanner;
			path = Classes/Utilities/BRYXBanner;
			sourceTree = "<group>";
		};
		4DFD982F1ED45CCE00880EA1 /* Annotations */ = {
			isa = PBXGroup;
			children = (
				4DFD98301ED45CCE00880EA1 /* CarAnnotation.swift */,
				4DA554501EE56337001627E7 /* CityAnnotation.swift */,
			);
			name = Annotations;
			path = Classes/Model/Annotations;
			sourceTree = "<group>";
		};
		4DFD98381ED471FC00880EA1 /* Home */ = {
			isa = PBXGroup;
			children = (
				4DFD98341ED471B800880EA1 /* HomeViewController.swift */,
				4DFD98361ED471F500880EA1 /* HomeViewModel.swift */,
			);
			name = Home;
			sourceTree = "<group>";
		};
		906843C62B31F2F1D555438B /* Pods */ = {
			isa = PBXGroup;
			children = (
				21CC90C4B93E73E78E63AA7D /* Pods-Sharengo.debug.xcconfig */,
				DE40A0AEF9D68E90D3A2F69B /* Pods-Sharengo.release.xcconfig */,
			);
			name = Pods;
			sourceTree = "<group>";
		};
/* End PBXGroup section */

/* Begin PBXNativeTarget section */
		4DCD1A511ECDBF7400FC8BF5 /* Sharengo */ = {
			isa = PBXNativeTarget;
			buildConfigurationList = 4DCD1A7E1ECDBF7400FC8BF5 /* Build configuration list for PBXNativeTarget "Sharengo" */;
			buildPhases = (
				BB0E697B2411FD248615F58F /* [CP] Check Pods Manifest.lock */,
				4DCD1A4E1ECDBF7400FC8BF5 /* Sources */,
				4DCD1A4F1ECDBF7400FC8BF5 /* Frameworks */,
				4DCD1A501ECDBF7400FC8BF5 /* Resources */,
				59A6C6551D62A8A064679543 /* [CP] Embed Pods Frameworks */,
				83386CE137B399051CBBB402 /* [CP] Copy Pods Resources */,
				4DA178621ED5E2E700EBD32B /* ShellScript */,
			);
			buildRules = (
			);
			dependencies = (
			);
			name = Sharengo;
			productName = Sharengo;
			productReference = 4DCD1A521ECDBF7400FC8BF5 /* Sharengo.app */;
			productType = "com.apple.product-type.application";
		};
/* End PBXNativeTarget section */

/* Begin PBXProject section */
		4DCD1A4A1ECDBF7400FC8BF5 /* Project object */ = {
			isa = PBXProject;
			attributes = {
				LastSwiftUpdateCheck = 0830;
				LastUpgradeCheck = 0830;
				ORGANIZATIONNAME = Dedecube;
				TargetAttributes = {
					4DCD1A511ECDBF7400FC8BF5 = {
						CreatedOnToolsVersion = 8.3.2;
						DevelopmentTeam = 44H73976E5;
						ProvisioningStyle = Manual;
					};
				};
			};
			buildConfigurationList = 4DCD1A4D1ECDBF7400FC8BF5 /* Build configuration list for PBXProject "Sharengo" */;
			compatibilityVersion = "Xcode 3.2";
			developmentRegion = English;
			hasScannedForEncodings = 0;
			knownRegions = (
				en,
				Base,
			);
			mainGroup = 4DCD1A491ECDBF7400FC8BF5;
			productRefGroup = 4DCD1A531ECDBF7400FC8BF5 /* Products */;
			projectDirPath = "";
			projectRoot = "";
			targets = (
				4DCD1A511ECDBF7400FC8BF5 /* Sharengo */,
			);
		};
/* End PBXProject section */

/* Begin PBXResourcesBuildPhase section */
		4DCD1A501ECDBF7400FC8BF5 /* Resources */ = {
			isa = PBXResourcesBuildPhase;
			buildActionMask = 2147483647;
			files = (
				4DCD1AA51ECDC22900FC8BF5 /* LaunchScreen.storyboard in Resources */,
				4D36D7C11ED2F279005FAEB8 /* InfoPlist.strings in Resources */,
				4D23399B1EE6CF4B00780384 /* INTRO BREVE.gif in Resources */,
				4D72B34E1ED96736002C2375 /* CarPopupView.xib in Resources */,
				4D1AE8201ED1E1A800C8A1D3 /* Localizable.strings in Resources */,
				4D1AE82E1ED1E40E00C8A1D3 /* Poppins-SemiBold.ttf in Resources */,
				4D1AE82A1ED1E40E00C8A1D3 /* Poppins-Bold.ttf in Resources */,
				4D9351511EE03497008C65C3 /* SearchBarView.xib in Resources */,
				4D1AE82B1ED1E40E00C8A1D3 /* Poppins-Light.ttf in Resources */,
				4DCD1AA31ECDC22900FC8BF5 /* Assets.xcassets in Resources */,
				4D377AB81ECEDB6F005DF900 /* CircularMenuView.xib in Resources */,
				4D1AE82C1ED1E40E00C8A1D3 /* Poppins-Medium.ttf in Resources */,
				4DCD1AA61ECDC22900FC8BF5 /* Main.storyboard in Resources */,
				4D2628F21ED57CCD001C4E38 /* client.p12 in Resources */,
				4D2339A11EE72F3500780384 /* INTRO LUNGA INIZIO.gif in Resources */,
				4D6ACACD1ECF333700D58948 /* NavigationBarView.xib in Resources */,
				4D45BB2D1EE698C2004C7287 /* CarBookingPopupView.xib in Resources */,
				4D1AE82D1ED1E40E00C8A1D3 /* Poppins-Regular.ttf in Resources */,
				4DCE7EEA1EE12A4C00442BF1 /* SearchBarCollectionViewCell.xib in Resources */,
				4D2339A01EE72F3500780384 /* INTRO LUNGA FINE.gif in Resources */,
			);
			runOnlyForDeploymentPostprocessing = 0;
		};
/* End PBXResourcesBuildPhase section */

/* Begin PBXShellScriptBuildPhase section */
		4DA178621ED5E2E700EBD32B /* ShellScript */ = {
			isa = PBXShellScriptBuildPhase;
			buildActionMask = 2147483647;
			files = (
			);
			inputPaths = (
			);
			outputPaths = (
			);
			runOnlyForDeploymentPostprocessing = 0;
			shellPath = /bin/sh;
			shellScript = "\"${PODS_ROOT}/Fabric/run\" 57623239bae67668df7bbce99e5c2686c876e070 a196b51c179c0f247995aaf4fe93bcbd7e48597dcb7130f9c9388f25a8ac9a8c";
		};
		59A6C6551D62A8A064679543 /* [CP] Embed Pods Frameworks */ = {
			isa = PBXShellScriptBuildPhase;
			buildActionMask = 2147483647;
			files = (
			);
			inputPaths = (
			);
			name = "[CP] Embed Pods Frameworks";
			outputPaths = (
			);
			runOnlyForDeploymentPostprocessing = 0;
			shellPath = /bin/sh;
			shellScript = "\"${SRCROOT}/Pods/Target Support Files/Pods-Sharengo/Pods-Sharengo-frameworks.sh\"\n";
			showEnvVarsInLog = 0;
		};
		83386CE137B399051CBBB402 /* [CP] Copy Pods Resources */ = {
			isa = PBXShellScriptBuildPhase;
			buildActionMask = 2147483647;
			files = (
			);
			inputPaths = (
			);
			name = "[CP] Copy Pods Resources";
			outputPaths = (
			);
			runOnlyForDeploymentPostprocessing = 0;
			shellPath = /bin/sh;
			shellScript = "\"${SRCROOT}/Pods/Target Support Files/Pods-Sharengo/Pods-Sharengo-resources.sh\"\n";
			showEnvVarsInLog = 0;
		};
		BB0E697B2411FD248615F58F /* [CP] Check Pods Manifest.lock */ = {
			isa = PBXShellScriptBuildPhase;
			buildActionMask = 2147483647;
			files = (
			);
			inputPaths = (
			);
			name = "[CP] Check Pods Manifest.lock";
			outputPaths = (
			);
			runOnlyForDeploymentPostprocessing = 0;
			shellPath = /bin/sh;
			shellScript = "diff \"${PODS_PODFILE_DIR_PATH}/Podfile.lock\" \"${PODS_ROOT}/Manifest.lock\" > /dev/null\nif [ $? != 0 ] ; then\n    # print error to STDERR\n    echo \"error: The sandbox is not in sync with the Podfile.lock. Run 'pod install' or update your CocoaPods installation.\" >&2\n    exit 1\nfi\n";
			showEnvVarsInLog = 0;
		};
/* End PBXShellScriptBuildPhase section */

/* Begin PBXSourcesBuildPhase section */
		4DCD1A4E1ECDBF7400FC8BF5 /* Sources */ = {
			isa = PBXSourcesBuildPhase;
			buildActionMask = 2147483647;
			files = (
				4DCC70A11ED3106200906DA0 /* APIController.swift in Sources */,
				4DCD1A901ECDC18500FC8BF5 /* Router.swift in Sources */,
				4DFD98351ED471B800880EA1 /* HomeViewController.swift in Sources */,
				4D45BB301EE69F49004C7287 /* CarBooking.swift in Sources */,
				4D2628F41ED57D7B001C4E38 /* PKCS12.swift in Sources */,
				03653E1F1EEA76C200AC7A93 /* CarBookingCompletedViewController.swift in Sources */,
				4DA554481EE55284001627E7 /* FBAnnotationClusterView.swift in Sources */,
				03653E211EEA76D300AC7A93 /* CarBookingCompletedViewModel.swift in Sources */,
				4DFD98371ED471F500880EA1 /* HomeViewModel.swift in Sources */,
				4D0EFF651EDA124900B1A8EE /* UIButton+Theme.swift in Sources */,
				4D377ABC1ECEE442005DF900 /* Color+Theme.swift in Sources */,
				4D72B3491ED964CD002C2375 /* CarPopupView.swift in Sources */,
				4DC10E021EE9D6F000A74E26 /* CoreController.swift in Sources */,
				4DD9C7E31ECDC48B00BE4218 /* SearchCarsViewController.swift in Sources */,
				4DCD1A8C1ECDC17A00FC8BF5 /* Car.swift in Sources */,
				4D965B6E1EEAF3780006294E /* CarTrip.swift in Sources */,
				4D36D7C51ED2F604005FAEB8 /* MKMapKit+Extensions.swift in Sources */,
				4DA554471EE55284001627E7 /* FBAnnotationClusterTemplate.swift in Sources */,
				4D9400D51EDF441700AD0EC6 /* NominatimAPIController.swift in Sources */,
				4DA5544E1EE55284001627E7 /* FBQuadTreeNode.swift in Sources */,
				4D2339951EE6CCE300780384 /* IntroViewController.swift in Sources */,
				4DCD1A5D1ECDBF7400FC8BF5 /* AppDelegate.swift in Sources */,
				4D377ABA1ECEE01A005DF900 /* View+Theme.swift in Sources */,
				4DA178691ED63C4D00EBD32B /* ZAlertView.swift in Sources */,
				4DA554491EE55284001627E7 /* FBAnnotationClusterViewConfiguration.swift in Sources */,
				4D3BF1251ED76EAF00E595E7 /* UIView+Extensions.swift in Sources */,
				4DCD1A841ECDC16400FC8BF5 /* Operators.swift in Sources */,
				4DCD1A891ECDC17100FC8BF5 /* ViewFactory.swift in Sources */,
				4DCD1AA91ECDC27F00FC8BF5 /* Image+Theme.swift in Sources */,
				4DEBEE711EED373800AEF617 /* Banner.swift in Sources */,
				4DCE7EEE1EE12BC200442BF1 /* SearchBarItemViewModel.swift in Sources */,
				4D36D7C31ED2F35C005FAEB8 /* NotificationCenter+Extensions.swift in Sources */,
				4DCD1A8A1ECDC17100FC8BF5 /* ViewModelFactory.swift in Sources */,
				4DCE7EEC1EE12B2200442BF1 /* SearchBarCollectionViewCell.swift in Sources */,
				03653E231EEADA4800AC7A93 /* NotificationsController.swift in Sources */,
				4D1AE8181ED1BA2200C8A1D3 /* SearchBarViewModel.swift in Sources */,
				4DA554511EE56337001627E7 /* CityAnnotation.swift in Sources */,
				4D45BB2B1EE698A9004C7287 /* CarBookingPopupViewModel.swift in Sources */,
				4DA554461EE55284001627E7 /* FBAnnotationCluster.swift in Sources */,
				4DCD1A941ECDC1EC00FC8BF5 /* ViewControllerCommons.swift in Sources */,
				4DFD98311ED45CCE00880EA1 /* CarAnnotation.swift in Sources */,
				4D377AB61ECEDAB0005DF900 /* CircularMenuView.swift in Sources */,
				4D6ACAD11ECF33F700D58948 /* NavigationBarViewModel.swift in Sources */,
				4D72B34B1ED96533002C2375 /* CarPopupViewModel.swift in Sources */,
				4DCD1A861ECDC16400FC8BF5 /* Utilities.swift in Sources */,
				4D1AE8241ED1E37700C8A1D3 /* Font+Theme.swift in Sources */,
				4D6ACACF1ECF33CE00D58948 /* NavigationBarView.swift in Sources */,
				4DC10DFF1EE9AA3300A74E26 /* LoadingViewController.swift in Sources */,
				4DA554451EE55284001627E7 /* FBAnnotation.swift in Sources */,
				4DFD983B1ED4838600880EA1 /* Array+Extensions.swift in Sources */,
				4DA5544D1EE55284001627E7 /* FBQuadTree.swift in Sources */,
				4D36D7BE1ED2EF86005FAEB8 /* LocationController.swift in Sources */,
				4DE361671EE801F9007DC92C /* SVPulsingAnnotationView.m in Sources */,
				4DA5544F1EE55284001627E7 /* FBZoomLevel.swift in Sources */,
				4D2339981EE6CDFC00780384 /* IntroViewModel.swift in Sources */,
				4DCD1A851ECDC16400FC8BF5 /* SeparatorLayout.swift in Sources */,
				4DA5544A1EE55284001627E7 /* FBBoundingBox+MapKit.swift in Sources */,
				4DC59F991EDADC6200DD658A /* Response.swift in Sources */,
				4DA178671ED63C4D00EBD32B /* UIColor.swift in Sources */,
				4D6ACACB1ECF2FC000D58948 /* CircularMenuViewModel.swift in Sources */,
				4DCD1A921ECDC18500FC8BF5 /* Router+Safari.swift in Sources */,
				4DA5544C1EE55284001627E7 /* FBClusteringManager.swift in Sources */,
				4D1AE8221ED1E26800C8A1D3 /* Text+Theme.swift in Sources */,
				4DA178681ED63C4D00EBD32B /* UIImage.swift in Sources */,
				4DCD1A911ECDC18500FC8BF5 /* Router+Preview.swift in Sources */,
				4D93514F1EE0346B008C65C3 /* SearchBarView.swift in Sources */,
				4D45BB291EE69895004C7287 /* CarBookingPopupView.swift in Sources */,
				4DA5544B1EE55284001627E7 /* FBBoundingBox.swift in Sources */,
				4DD9C7EC1ECDC50500BE4218 /* SearchCarsViewModel.swift in Sources */,
				4DCE7EF01EE21B1C00442BF1 /* Favorite.swift in Sources */,
				4D9400D71EDF4BFE00AD0EC6 /* Address.swift in Sources */,
				4DF27F041EDD7EEB00D2FAAF /* SpeechController.swift in Sources */,
			);
			runOnlyForDeploymentPostprocessing = 0;
		};
/* End PBXSourcesBuildPhase section */

/* Begin PBXVariantGroup section */
		4D1AE81E1ED1E1A800C8A1D3 /* Localizable.strings */ = {
			isa = PBXVariantGroup;
			children = (
				4D1AE81F1ED1E1A800C8A1D3 /* en */,
			);
			name = Localizable.strings;
			sourceTree = "<group>";
		};
		4D36D7BF1ED2F279005FAEB8 /* InfoPlist.strings */ = {
			isa = PBXVariantGroup;
			children = (
				4D36D7C01ED2F279005FAEB8 /* en */,
			);
			name = InfoPlist.strings;
			sourceTree = "<group>";
		};
/* End PBXVariantGroup section */

/* Begin XCBuildConfiguration section */
		4DCD1A7C1ECDBF7400FC8BF5 /* Debug */ = {
			isa = XCBuildConfiguration;
			buildSettings = {
				ALWAYS_SEARCH_USER_PATHS = NO;
				CLANG_ANALYZER_NONNULL = YES;
				CLANG_ANALYZER_NUMBER_OBJECT_CONVERSION = YES_AGGRESSIVE;
				CLANG_CXX_LANGUAGE_STANDARD = "gnu++0x";
				CLANG_CXX_LIBRARY = "libc++";
				CLANG_ENABLE_MODULES = YES;
				CLANG_ENABLE_OBJC_ARC = YES;
				CLANG_WARN_BOOL_CONVERSION = YES;
				CLANG_WARN_CONSTANT_CONVERSION = YES;
				CLANG_WARN_DIRECT_OBJC_ISA_USAGE = YES_ERROR;
				CLANG_WARN_DOCUMENTATION_COMMENTS = YES;
				CLANG_WARN_EMPTY_BODY = YES;
				CLANG_WARN_ENUM_CONVERSION = YES;
				CLANG_WARN_INFINITE_RECURSION = YES;
				CLANG_WARN_INT_CONVERSION = YES;
				CLANG_WARN_OBJC_ROOT_CLASS = YES_ERROR;
				CLANG_WARN_SUSPICIOUS_MOVE = YES;
				CLANG_WARN_UNREACHABLE_CODE = YES;
				CLANG_WARN__DUPLICATE_METHOD_MATCH = YES;
				"CODE_SIGN_IDENTITY[sdk=iphoneos*]" = "iPhone Developer";
				COPY_PHASE_STRIP = NO;
				DEBUG_INFORMATION_FORMAT = dwarf;
				ENABLE_STRICT_OBJC_MSGSEND = YES;
				ENABLE_TESTABILITY = YES;
				GCC_C_LANGUAGE_STANDARD = gnu99;
				GCC_DYNAMIC_NO_PIC = NO;
				GCC_NO_COMMON_BLOCKS = YES;
				GCC_OPTIMIZATION_LEVEL = 0;
				GCC_PREPROCESSOR_DEFINITIONS = (
					"DEBUG=1",
					"$(inherited)",
				);
				GCC_WARN_64_TO_32_BIT_CONVERSION = YES;
				GCC_WARN_ABOUT_RETURN_TYPE = YES_ERROR;
				GCC_WARN_UNDECLARED_SELECTOR = YES;
				GCC_WARN_UNINITIALIZED_AUTOS = YES_AGGRESSIVE;
				GCC_WARN_UNUSED_FUNCTION = YES;
				GCC_WARN_UNUSED_VARIABLE = YES;
				IPHONEOS_DEPLOYMENT_TARGET = 9.0;
				MTL_ENABLE_DEBUG_INFO = YES;
				ONLY_ACTIVE_ARCH = YES;
				SDKROOT = iphoneos;
				SWIFT_ACTIVE_COMPILATION_CONDITIONS = DEBUG;
				SWIFT_OBJC_BRIDGING_HEADER = "Sharengo/Classes/Various/Bridging-Header.h";
				SWIFT_OPTIMIZATION_LEVEL = "-Onone";
				TARGETED_DEVICE_FAMILY = "1,2";
			};
			name = Debug;
		};
		4DCD1A7D1ECDBF7400FC8BF5 /* Release */ = {
			isa = XCBuildConfiguration;
			buildSettings = {
				ALWAYS_SEARCH_USER_PATHS = NO;
				CLANG_ANALYZER_NONNULL = YES;
				CLANG_ANALYZER_NUMBER_OBJECT_CONVERSION = YES_AGGRESSIVE;
				CLANG_CXX_LANGUAGE_STANDARD = "gnu++0x";
				CLANG_CXX_LIBRARY = "libc++";
				CLANG_ENABLE_MODULES = YES;
				CLANG_ENABLE_OBJC_ARC = YES;
				CLANG_WARN_BOOL_CONVERSION = YES;
				CLANG_WARN_CONSTANT_CONVERSION = YES;
				CLANG_WARN_DIRECT_OBJC_ISA_USAGE = YES_ERROR;
				CLANG_WARN_DOCUMENTATION_COMMENTS = YES;
				CLANG_WARN_EMPTY_BODY = YES;
				CLANG_WARN_ENUM_CONVERSION = YES;
				CLANG_WARN_INFINITE_RECURSION = YES;
				CLANG_WARN_INT_CONVERSION = YES;
				CLANG_WARN_OBJC_ROOT_CLASS = YES_ERROR;
				CLANG_WARN_SUSPICIOUS_MOVE = YES;
				CLANG_WARN_UNREACHABLE_CODE = YES;
				CLANG_WARN__DUPLICATE_METHOD_MATCH = YES;
				"CODE_SIGN_IDENTITY[sdk=iphoneos*]" = "iPhone Developer";
				COPY_PHASE_STRIP = NO;
				DEBUG_INFORMATION_FORMAT = "dwarf-with-dsym";
				ENABLE_NS_ASSERTIONS = NO;
				ENABLE_STRICT_OBJC_MSGSEND = YES;
				GCC_C_LANGUAGE_STANDARD = gnu99;
				GCC_NO_COMMON_BLOCKS = YES;
				GCC_WARN_64_TO_32_BIT_CONVERSION = YES;
				GCC_WARN_ABOUT_RETURN_TYPE = YES_ERROR;
				GCC_WARN_UNDECLARED_SELECTOR = YES;
				GCC_WARN_UNINITIALIZED_AUTOS = YES_AGGRESSIVE;
				GCC_WARN_UNUSED_FUNCTION = YES;
				GCC_WARN_UNUSED_VARIABLE = YES;
				IPHONEOS_DEPLOYMENT_TARGET = 9.0;
				MTL_ENABLE_DEBUG_INFO = NO;
				SDKROOT = iphoneos;
				SWIFT_ACTIVE_COMPILATION_CONDITIONS = "";
				SWIFT_OBJC_BRIDGING_HEADER = "Sharengo/Classes/Various/Bridging-Header.h";
				SWIFT_OPTIMIZATION_LEVEL = "-Owholemodule";
				TARGETED_DEVICE_FAMILY = "1,2";
				VALIDATE_PRODUCT = YES;
			};
			name = Release;
		};
		4DCD1A7F1ECDBF7400FC8BF5 /* Debug */ = {
			isa = XCBuildConfiguration;
			baseConfigurationReference = 21CC90C4B93E73E78E63AA7D /* Pods-Sharengo.debug.xcconfig */;
			buildSettings = {
				ASSETCATALOG_COMPILER_APPICON_NAME = AppIcon;
				"CODE_SIGN_IDENTITY[sdk=iphoneos*]" = "iPhone Developer";
				DEVELOPMENT_TEAM = 44H73976E5;
				INFOPLIST_FILE = Sharengo/Resources/Plists/Info.plist;
				IPHONEOS_DEPLOYMENT_TARGET = 9.0;
				LD_RUNPATH_SEARCH_PATHS = "$(inherited) @executable_path/Frameworks";
				OTHER_SWIFT_FLAGS = "$(inherited) \"-D\" \"COCOAPODS\" \"-DISDEBUG\"";
				PRODUCT_BUNDLE_IDENTIFIER = it.sharengo.development;
				PRODUCT_NAME = "$(TARGET_NAME)";
				PROVISIONING_PROFILE = "6065a077-f3d1-45e8-aa58-70e53a340ebd";
				PROVISIONING_PROFILE_SPECIFIER = "Dedecube Development";
				SWIFT_OBJC_BRIDGING_HEADER = "Sharengo/Classes/Various/Bridging-Header.h";
				SWIFT_VERSION = 3.0;
				TARGETED_DEVICE_FAMILY = 1;
			};
			name = Debug;
		};
		4DCD1A801ECDBF7400FC8BF5 /* Release */ = {
			isa = XCBuildConfiguration;
			baseConfigurationReference = DE40A0AEF9D68E90D3A2F69B /* Pods-Sharengo.release.xcconfig */;
			buildSettings = {
				ASSETCATALOG_COMPILER_APPICON_NAME = AppIcon;
				"CODE_SIGN_IDENTITY[sdk=iphoneos*]" = "iPhone Developer";
				DEVELOPMENT_TEAM = 6T384SC3AF;
				INFOPLIST_FILE = Sharengo/Resources/Plists/Info.plist;
				IPHONEOS_DEPLOYMENT_TARGET = 9.0;
				LD_RUNPATH_SEARCH_PATHS = "$(inherited) @executable_path/Frameworks";
				OTHER_SWIFT_FLAGS = "$(inherited) \"-D\" \"COCOAPODS\" \"-DISRELEASE\"";
				PRODUCT_BUNDLE_IDENTIFIER = it.sharengo.development;
				PRODUCT_NAME = "$(TARGET_NAME)";
				PROVISIONING_PROFILE = "bdde28f0-2c4c-46c8-a46e-eb2cd1ab184f";
				PROVISIONING_PROFILE_SPECIFIER = "Sharengo Development";
				SWIFT_ACTIVE_COMPILATION_CONDITIONS = "";
				SWIFT_OBJC_BRIDGING_HEADER = "Sharengo/Classes/Various/Bridging-Header.h";
				SWIFT_VERSION = 3.0;
				TARGETED_DEVICE_FAMILY = 1;
			};
			name = Release;
		};
/* End XCBuildConfiguration section */

/* Begin XCConfigurationList section */
		4DCD1A4D1ECDBF7400FC8BF5 /* Build configuration list for PBXProject "Sharengo" */ = {
			isa = XCConfigurationList;
			buildConfigurations = (
				4DCD1A7C1ECDBF7400FC8BF5 /* Debug */,
				4DCD1A7D1ECDBF7400FC8BF5 /* Release */,
			);
			defaultConfigurationIsVisible = 0;
			defaultConfigurationName = Release;
		};
		4DCD1A7E1ECDBF7400FC8BF5 /* Build configuration list for PBXNativeTarget "Sharengo" */ = {
			isa = XCConfigurationList;
			buildConfigurations = (
				4DCD1A7F1ECDBF7400FC8BF5 /* Debug */,
				4DCD1A801ECDBF7400FC8BF5 /* Release */,
			);
			defaultConfigurationIsVisible = 0;
			defaultConfigurationName = Release;
		};
/* End XCConfigurationList section */
	};
	rootObject = 4DCD1A4A1ECDBF7400FC8BF5 /* Project object */;
}
